// !$*UTF8*$!
{
	archiveVersion = 1;
	classes = {
	};
	objectVersion = 46;
	objects = {

/* Begin PBXBuildFile section */
		298492171B6BFBC000527482 /* AddRxViewController.swift in Sources */ = {isa = PBXBuildFile; fileRef = 298492161B6BFBC000527482 /* AddRxViewController.swift */; };
		29A255361B3CB8CB00257AE9 /* AppDelegate.swift in Sources */ = {isa = PBXBuildFile; fileRef = 29A255351B3CB8CB00257AE9 /* AppDelegate.swift */; };
		29A255391B3CB8CB00257AE9 /* WhenMeds.xcdatamodeld in Sources */ = {isa = PBXBuildFile; fileRef = 29A255371B3CB8CB00257AE9 /* WhenMeds.xcdatamodeld */; };
		29A2553B1B3CB8CB00257AE9 /* ViewController.swift in Sources */ = {isa = PBXBuildFile; fileRef = 29A2553A1B3CB8CB00257AE9 /* ViewController.swift */; };
		29A2553E1B3CB8CB00257AE9 /* Main.storyboard in Resources */ = {isa = PBXBuildFile; fileRef = 29A2553C1B3CB8CB00257AE9 /* Main.storyboard */; };
		29A255401B3CB8CB00257AE9 /* Images.xcassets in Resources */ = {isa = PBXBuildFile; fileRef = 29A2553F1B3CB8CB00257AE9 /* Images.xcassets */; };
		29A255431B3CB8CB00257AE9 /* LaunchScreen.xib in Resources */ = {isa = PBXBuildFile; fileRef = 29A255411B3CB8CB00257AE9 /* LaunchScreen.xib */; };
		29A2554F1B3CB8CB00257AE9 /* WhenMedsTests.swift in Sources */ = {isa = PBXBuildFile; fileRef = 29A2554E1B3CB8CB00257AE9 /* WhenMedsTests.swift */; };
		29E25CC51B3CE443005BF3EA /* Pharmacy.swift in Sources */ = {isa = PBXBuildFile; fileRef = 29E25CC41B3CE443005BF3EA /* Pharmacy.swift */; };
		29E25CC91B3CF9BA005BF3EA /* Rx.swift in Sources */ = {isa = PBXBuildFile; fileRef = 29E25CC81B3CF9BA005BF3EA /* Rx.swift */; };
		29E25CCB1B40EF73005BF3EA /* Realm.framework in Frameworks */ = {isa = PBXBuildFile; fileRef = 29E25CCA1B40EF73005BF3EA /* Realm.framework */; };
		29E25CCC1B40EF73005BF3EA /* Realm.framework in Embed Frameworks */ = {isa = PBXBuildFile; fileRef = 29E25CCA1B40EF73005BF3EA /* Realm.framework */; settings = {ATTRIBUTES = (CodeSignOnCopy, RemoveHeadersOnCopy, ); }; };
		29E25CCF1B40EF81005BF3EA /* RealmSwift.framework in Frameworks */ = {isa = PBXBuildFile; fileRef = 29E25CCE1B40EF81005BF3EA /* RealmSwift.framework */; };
		29E25CD01B40EF81005BF3EA /* RealmSwift.framework in Embed Frameworks */ = {isa = PBXBuildFile; fileRef = 29E25CCE1B40EF81005BF3EA /* RealmSwift.framework */; settings = {ATTRIBUTES = (CodeSignOnCopy, RemoveHeadersOnCopy, ); }; };
/* End PBXBuildFile section */

/* Begin PBXContainerItemProxy section */
		29A255491B3CB8CB00257AE9 /* PBXContainerItemProxy */ = {
			isa = PBXContainerItemProxy;
			containerPortal = 29A255281B3CB8CB00257AE9 /* Project object */;
			proxyType = 1;
			remoteGlobalIDString = 29A2552F1B3CB8CB00257AE9;
			remoteInfo = WhenMeds;
		};
/* End PBXContainerItemProxy section */

/* Begin PBXCopyFilesBuildPhase section */
		29E25CCD1B40EF74005BF3EA /* Embed Frameworks */ = {
			isa = PBXCopyFilesBuildPhase;
			buildActionMask = 2147483647;
			dstPath = "";
			dstSubfolderSpec = 10;
			files = (
				29E25CD01B40EF81005BF3EA /* RealmSwift.framework in Embed Frameworks */,
				29E25CCC1B40EF73005BF3EA /* Realm.framework in Embed Frameworks */,
			);
			name = "Embed Frameworks";
			runOnlyForDeploymentPostprocessing = 0;
		};
/* End PBXCopyFilesBuildPhase section */

/* Begin PBXFileReference section */
		298492161B6BFBC000527482 /* AddRxViewController.swift */ = {isa = PBXFileReference; fileEncoding = 4; lastKnownFileType = sourcecode.swift; path = AddRxViewController.swift; sourceTree = "<group>"; };
		29A255301B3CB8CB00257AE9 /* WhenMeds.app */ = {isa = PBXFileReference; explicitFileType = wrapper.application; includeInIndex = 0; path = WhenMeds.app; sourceTree = BUILT_PRODUCTS_DIR; };
		29A255341B3CB8CB00257AE9 /* Info.plist */ = {isa = PBXFileReference; lastKnownFileType = text.plist.xml; path = Info.plist; sourceTree = "<group>"; };
		29A255351B3CB8CB00257AE9 /* AppDelegate.swift */ = {isa = PBXFileReference; lastKnownFileType = sourcecode.swift; path = AppDelegate.swift; sourceTree = "<group>"; };
		29A255381B3CB8CB00257AE9 /* WhenMeds.xcdatamodel */ = {isa = PBXFileReference; lastKnownFileType = wrapper.xcdatamodel; path = WhenMeds.xcdatamodel; sourceTree = "<group>"; };
		29A2553A1B3CB8CB00257AE9 /* ViewController.swift */ = {isa = PBXFileReference; lastKnownFileType = sourcecode.swift; path = ViewController.swift; sourceTree = "<group>"; };
		29A2553D1B3CB8CB00257AE9 /* Base */ = {isa = PBXFileReference; lastKnownFileType = file.storyboard; name = Base; path = Base.lproj/Main.storyboard; sourceTree = "<group>"; };
		29A2553F1B3CB8CB00257AE9 /* Images.xcassets */ = {isa = PBXFileReference; lastKnownFileType = folder.assetcatalog; path = Images.xcassets; sourceTree = "<group>"; };
		29A255421B3CB8CB00257AE9 /* Base */ = {isa = PBXFileReference; lastKnownFileType = file.xib; name = Base; path = Base.lproj/LaunchScreen.xib; sourceTree = "<group>"; };
		29A255481B3CB8CB00257AE9 /* WhenMedsTests.xctest */ = {isa = PBXFileReference; explicitFileType = wrapper.cfbundle; includeInIndex = 0; path = WhenMedsTests.xctest; sourceTree = BUILT_PRODUCTS_DIR; };
		29A2554D1B3CB8CB00257AE9 /* Info.plist */ = {isa = PBXFileReference; lastKnownFileType = text.plist.xml; path = Info.plist; sourceTree = "<group>"; };
		29A2554E1B3CB8CB00257AE9 /* WhenMedsTests.swift */ = {isa = PBXFileReference; lastKnownFileType = sourcecode.swift; path = WhenMedsTests.swift; sourceTree = "<group>"; };
		29DA0E1C1B66C38B005B308E /* WhenMeds-Bridging-Header.h */ = {isa = PBXFileReference; lastKnownFileType = sourcecode.c.h; path = "WhenMeds-Bridging-Header.h"; sourceTree = "<group>"; };
		29E25CC41B3CE443005BF3EA /* Pharmacy.swift */ = {isa = PBXFileReference; fileEncoding = 4; lastKnownFileType = sourcecode.swift; path = Pharmacy.swift; sourceTree = "<group>"; };
		29E25CC81B3CF9BA005BF3EA /* Rx.swift */ = {isa = PBXFileReference; fileEncoding = 4; lastKnownFileType = sourcecode.swift; path = Rx.swift; sourceTree = "<group>"; };
		29E25CCA1B40EF73005BF3EA /* Realm.framework */ = {isa = PBXFileReference; lastKnownFileType = wrapper.framework; name = Realm.framework; path = "realm-swift-0.93.2/ios/Realm.framework"; sourceTree = "<group>"; };
		29E25CCE1B40EF81005BF3EA /* RealmSwift.framework */ = {isa = PBXFileReference; lastKnownFileType = wrapper.framework; name = RealmSwift.framework; path = "realm-swift-0.93.2/ios/RealmSwift.framework"; sourceTree = "<group>"; };
/* End PBXFileReference section */

/* Begin PBXFrameworksBuildPhase section */
		29A2552D1B3CB8CB00257AE9 /* Frameworks */ = {
			isa = PBXFrameworksBuildPhase;
			buildActionMask = 2147483647;
			files = (
				29E25CCF1B40EF81005BF3EA /* RealmSwift.framework in Frameworks */,
				29E25CCB1B40EF73005BF3EA /* Realm.framework in Frameworks */,
			);
			runOnlyForDeploymentPostprocessing = 0;
		};
		29A255451B3CB8CB00257AE9 /* Frameworks */ = {
			isa = PBXFrameworksBuildPhase;
			buildActionMask = 2147483647;
			files = (
			);
			runOnlyForDeploymentPostprocessing = 0;
		};
/* End PBXFrameworksBuildPhase section */

/* Begin PBXGroup section */
		29A255271B3CB8CB00257AE9 = {
			isa = PBXGroup;
			children = (
				29E25CCE1B40EF81005BF3EA /* RealmSwift.framework */,
				29E25CCA1B40EF73005BF3EA /* Realm.framework */,
				29A255321B3CB8CB00257AE9 /* WhenMeds */,
				29A2554B1B3CB8CB00257AE9 /* WhenMedsTests */,
				29A255311B3CB8CB00257AE9 /* Products */,
			);
			sourceTree = "<group>";
		};
		29A255311B3CB8CB00257AE9 /* Products */ = {
			isa = PBXGroup;
			children = (
				29A255301B3CB8CB00257AE9 /* WhenMeds.app */,
				29A255481B3CB8CB00257AE9 /* WhenMedsTests.xctest */,
			);
			name = Products;
			sourceTree = "<group>";
		};
		29A255321B3CB8CB00257AE9 /* WhenMeds */ = {
			isa = PBXGroup;
			children = (
				29E25CC81B3CF9BA005BF3EA /* Rx.swift */,
				29E25CC41B3CE443005BF3EA /* Pharmacy.swift */,
				29A255351B3CB8CB00257AE9 /* AppDelegate.swift */,
				29A2553A1B3CB8CB00257AE9 /* ViewController.swift */,
				29A2553C1B3CB8CB00257AE9 /* Main.storyboard */,
				29A2553F1B3CB8CB00257AE9 /* Images.xcassets */,
				29A255411B3CB8CB00257AE9 /* LaunchScreen.xib */,
				29A255371B3CB8CB00257AE9 /* WhenMeds.xcdatamodeld */,
				29A255331B3CB8CB00257AE9 /* Supporting Files */,
				29DA0E1C1B66C38B005B308E /* WhenMeds-Bridging-Header.h */,
				298492161B6BFBC000527482 /* AddRxViewController.swift */,
			);
			path = WhenMeds;
			sourceTree = "<group>";
		};
		29A255331B3CB8CB00257AE9 /* Supporting Files */ = {
			isa = PBXGroup;
			children = (
				29A255341B3CB8CB00257AE9 /* Info.plist */,
			);
			name = "Supporting Files";
			sourceTree = "<group>";
		};
		29A2554B1B3CB8CB00257AE9 /* WhenMedsTests */ = {
			isa = PBXGroup;
			children = (
				29A2554E1B3CB8CB00257AE9 /* WhenMedsTests.swift */,
				29A2554C1B3CB8CB00257AE9 /* Supporting Files */,
			);
			path = WhenMedsTests;
			sourceTree = "<group>";
		};
		29A2554C1B3CB8CB00257AE9 /* Supporting Files */ = {
			isa = PBXGroup;
			children = (
				29A2554D1B3CB8CB00257AE9 /* Info.plist */,
			);
			name = "Supporting Files";
			sourceTree = "<group>";
		};
/* End PBXGroup section */

/* Begin PBXNativeTarget section */
		29A2552F1B3CB8CB00257AE9 /* WhenMeds */ = {
			isa = PBXNativeTarget;
			buildConfigurationList = 29A255521B3CB8CB00257AE9 /* Build configuration list for PBXNativeTarget "WhenMeds" */;
			buildPhases = (
				29A2552C1B3CB8CB00257AE9 /* Sources */,
				29A2552D1B3CB8CB00257AE9 /* Frameworks */,
				29A2552E1B3CB8CB00257AE9 /* Resources */,
				29E25CCD1B40EF74005BF3EA /* Embed Frameworks */,
			);
			buildRules = (
			);
			dependencies = (
			);
			name = WhenMeds;
			productName = WhenMeds;
			productReference = 29A255301B3CB8CB00257AE9 /* WhenMeds.app */;
			productType = "com.apple.product-type.application";
		};
		29A255471B3CB8CB00257AE9 /* WhenMedsTests */ = {
			isa = PBXNativeTarget;
			buildConfigurationList = 29A255551B3CB8CB00257AE9 /* Build configuration list for PBXNativeTarget "WhenMedsTests" */;
			buildPhases = (
				29A255441B3CB8CB00257AE9 /* Sources */,
				29A255451B3CB8CB00257AE9 /* Frameworks */,
				29A255461B3CB8CB00257AE9 /* Resources */,
			);
			buildRules = (
			);
			dependencies = (
				29A2554A1B3CB8CB00257AE9 /* PBXTargetDependency */,
			);
			name = WhenMedsTests;
			productName = WhenMedsTests;
			productReference = 29A255481B3CB8CB00257AE9 /* WhenMedsTests.xctest */;
			productType = "com.apple.product-type.bundle.unit-test";
		};
/* End PBXNativeTarget section */

/* Begin PBXProject section */
		29A255281B3CB8CB00257AE9 /* Project object */ = {
			isa = PBXProject;
			attributes = {
				LastSwiftMigration = 0720;
				LastSwiftUpdateCheck = 0720;
				LastUpgradeCheck = 0720;
				ORGANIZATIONNAME = wymsii;
				TargetAttributes = {
					29A2552F1B3CB8CB00257AE9 = {
						CreatedOnToolsVersion = 6.3.2;
					};
					29A255471B3CB8CB00257AE9 = {
						CreatedOnToolsVersion = 6.3.2;
						TestTargetID = 29A2552F1B3CB8CB00257AE9;
					};
				};
			};
			buildConfigurationList = 29A2552B1B3CB8CB00257AE9 /* Build configuration list for PBXProject "WhenMeds" */;
			compatibilityVersion = "Xcode 3.2";
			developmentRegion = English;
			hasScannedForEncodings = 0;
			knownRegions = (
				en,
				Base,
			);
			mainGroup = 29A255271B3CB8CB00257AE9;
			productRefGroup = 29A255311B3CB8CB00257AE9 /* Products */;
			projectDirPath = "";
			projectRoot = "";
			targets = (
				29A2552F1B3CB8CB00257AE9 /* WhenMeds */,
				29A255471B3CB8CB00257AE9 /* WhenMedsTests */,
			);
		};
/* End PBXProject section */

/* Begin PBXResourcesBuildPhase section */
		29A2552E1B3CB8CB00257AE9 /* Resources */ = {
			isa = PBXResourcesBuildPhase;
			buildActionMask = 2147483647;
			files = (
				29A2553E1B3CB8CB00257AE9 /* Main.storyboard in Resources */,
				29A255431B3CB8CB00257AE9 /* LaunchScreen.xib in Resources */,
				29A255401B3CB8CB00257AE9 /* Images.xcassets in Resources */,
			);
			runOnlyForDeploymentPostprocessing = 0;
		};
		29A255461B3CB8CB00257AE9 /* Resources */ = {
			isa = PBXResourcesBuildPhase;
			buildActionMask = 2147483647;
			files = (
			);
			runOnlyForDeploymentPostprocessing = 0;
		};
/* End PBXResourcesBuildPhase section */

/* Begin PBXSourcesBuildPhase section */
		29A2552C1B3CB8CB00257AE9 /* Sources */ = {
			isa = PBXSourcesBuildPhase;
			buildActionMask = 2147483647;
			files = (
				298492171B6BFBC000527482 /* AddRxViewController.swift in Sources */,
				29A2553B1B3CB8CB00257AE9 /* ViewController.swift in Sources */,
				29E25CC51B3CE443005BF3EA /* Pharmacy.swift in Sources */,
				29A255391B3CB8CB00257AE9 /* WhenMeds.xcdatamodeld in Sources */,
				29E25CC91B3CF9BA005BF3EA /* Rx.swift in Sources */,
				29A255361B3CB8CB00257AE9 /* AppDelegate.swift in Sources */,
			);
			runOnlyForDeploymentPostprocessing = 0;
		};
		29A255441B3CB8CB00257AE9 /* Sources */ = {
			isa = PBXSourcesBuildPhase;
			buildActionMask = 2147483647;
			files = (
				29A2554F1B3CB8CB00257AE9 /* WhenMedsTests.swift in Sources */,
			);
			runOnlyForDeploymentPostprocessing = 0;
		};
/* End PBXSourcesBuildPhase section */

/* Begin PBXTargetDependency section */
		29A2554A1B3CB8CB00257AE9 /* PBXTargetDependency */ = {
			isa = PBXTargetDependency;
			target = 29A2552F1B3CB8CB00257AE9 /* WhenMeds */;
			targetProxy = 29A255491B3CB8CB00257AE9 /* PBXContainerItemProxy */;
		};
/* End PBXTargetDependency section */

/* Begin PBXVariantGroup section */
		29A2553C1B3CB8CB00257AE9 /* Main.storyboard */ = {
			isa = PBXVariantGroup;
			children = (
				29A2553D1B3CB8CB00257AE9 /* Base */,
			);
			name = Main.storyboard;
			sourceTree = "<group>";
		};
		29A255411B3CB8CB00257AE9 /* LaunchScreen.xib */ = {
			isa = PBXVariantGroup;
			children = (
				29A255421B3CB8CB00257AE9 /* Base */,
			);
			name = LaunchScreen.xib;
			sourceTree = "<group>";
		};
/* End PBXVariantGroup section */

/* Begin XCBuildConfiguration section */
		29A255501B3CB8CB00257AE9 /* Debug */ = {
			isa = XCBuildConfiguration;
			buildSettings = {
				ALWAYS_SEARCH_USER_PATHS = NO;
				CLANG_CXX_LANGUAGE_STANDARD = "gnu++0x";
				CLANG_CXX_LIBRARY = "libc++";
				CLANG_ENABLE_MODULES = YES;
				CLANG_ENABLE_OBJC_ARC = YES;
				CLANG_WARN_BOOL_CONVERSION = YES;
				CLANG_WARN_CONSTANT_CONVERSION = YES;
				CLANG_WARN_DIRECT_OBJC_ISA_USAGE = YES_ERROR;
				CLANG_WARN_EMPTY_BODY = YES;
				CLANG_WARN_ENUM_CONVERSION = YES;
				CLANG_WARN_INT_CONVERSION = YES;
				CLANG_WARN_OBJC_ROOT_CLASS = YES_ERROR;
				CLANG_WARN_UNREACHABLE_CODE = YES;
				CLANG_WARN__DUPLICATE_METHOD_MATCH = YES;
				"CODE_SIGN_IDENTITY[sdk=iphoneos*]" = "iPhone Developer";
				COPY_PHASE_STRIP = NO;
				DEBUG_INFORMATION_FORMAT = "dwarf-with-dsym";
				ENABLE_STRICT_OBJC_MSGSEND = YES;
				ENABLE_TESTABILITY = YES;
				GCC_C_LANGUAGE_STANDARD = gnu99;
				GCC_DYNAMIC_NO_PIC = NO;
				GCC_NO_COMMON_BLOCKS = YES;
				GCC_OPTIMIZATION_LEVEL = 0;
				GCC_PREPROCESSOR_DEFINITIONS = (
					"DEBUG=1",
					"$(inherited)",
				);
				GCC_SYMBOLS_PRIVATE_EXTERN = NO;
				GCC_WARN_64_TO_32_BIT_CONVERSION = YES;
				GCC_WARN_ABOUT_RETURN_TYPE = YES_ERROR;
				GCC_WARN_UNDECLARED_SELECTOR = YES;
				GCC_WARN_UNINITIALIZED_AUTOS = YES_AGGRESSIVE;
				GCC_WARN_UNUSED_FUNCTION = YES;
				GCC_WARN_UNUSED_VARIABLE = YES;
				IPHONEOS_DEPLOYMENT_TARGET = 8.3;
				MTL_ENABLE_DEBUG_INFO = YES;
				ONLY_ACTIVE_ARCH = YES;
				SDKROOT = iphoneos;
				SWIFT_OPTIMIZATION_LEVEL = "-Onone";
				TARGETED_DEVICE_FAMILY = "1,2";
			};
			name = Debug;
		};
		29A255511B3CB8CB00257AE9 /* Release */ = {
			isa = XCBuildConfiguration;
			buildSettings = {
				ALWAYS_SEARCH_USER_PATHS = NO;
				CLANG_CXX_LANGUAGE_STANDARD = "gnu++0x";
				CLANG_CXX_LIBRARY = "libc++";
				CLANG_ENABLE_MODULES = YES;
				CLANG_ENABLE_OBJC_ARC = YES;
				CLANG_WARN_BOOL_CONVERSION = YES;
				CLANG_WARN_CONSTANT_CONVERSION = YES;
				CLANG_WARN_DIRECT_OBJC_ISA_USAGE = YES_ERROR;
				CLANG_WARN_EMPTY_BODY = YES;
				CLANG_WARN_ENUM_CONVERSION = YES;
				CLANG_WARN_INT_CONVERSION = YES;
				CLANG_WARN_OBJC_ROOT_CLASS = YES_ERROR;
				CLANG_WARN_UNREACHABLE_CODE = YES;
				CLANG_WARN__DUPLICATE_METHOD_MATCH = YES;
				"CODE_SIGN_IDENTITY[sdk=iphoneos*]" = "iPhone Developer";
				COPY_PHASE_STRIP = NO;
				DEBUG_INFORMATION_FORMAT = "dwarf-with-dsym";
				ENABLE_NS_ASSERTIONS = NO;
				ENABLE_STRICT_OBJC_MSGSEND = YES;
				GCC_C_LANGUAGE_STANDARD = gnu99;
				GCC_NO_COMMON_BLOCKS = YES;
				GCC_WARN_64_TO_32_BIT_CONVERSION = YES;
				GCC_WARN_ABOUT_RETURN_TYPE = YES_ERROR;
				GCC_WARN_UNDECLARED_SELECTOR = YES;
				GCC_WARN_UNINITIALIZED_AUTOS = YES_AGGRESSIVE;
				GCC_WARN_UNUSED_FUNCTION = YES;
				GCC_WARN_UNUSED_VARIABLE = YES;
				IPHONEOS_DEPLOYMENT_TARGET = 8.3;
				MTL_ENABLE_DEBUG_INFO = NO;
				SDKROOT = iphoneos;
				TARGETED_DEVICE_FAMILY = "1,2";
				VALIDATE_PRODUCT = YES;
			};
			name = Release;
		};
		29A255531B3CB8CB00257AE9 /* Debug */ = {
			isa = XCBuildConfiguration;
			buildSettings = {
				ASSETCATALOG_COMPILER_APPICON_NAME = AppIcon;
				CLANG_ENABLE_MODULES = YES;
				FRAMEWORK_SEARCH_PATHS = (
					"$(inherited)",
					"$(PROJECT_DIR)/realm-swift-0.93.2/ios",
				);
				INFOPLIST_FILE = WhenMeds/Info.plist;
				LD_RUNPATH_SEARCH_PATHS = "$(inherited) @executable_path/Frameworks";
				PRODUCT_BUNDLE_IDENTIFIER = "com.wymsii.mobile.ios.$(PRODUCT_NAME:rfc1034identifier)";
				PRODUCT_NAME = "$(TARGET_NAME)";
				SWIFT_OBJC_BRIDGING_HEADER = "WhenMeds/WhenMeds-Bridging-Header.h";
				SWIFT_OPTIMIZATION_LEVEL = "-Onone";
			};
			name = Debug;
		};
		29A255541B3CB8CB00257AE9 /* Release */ = {
			isa = XCBuildConfiguration;
			buildSettings = {
				ASSETCATALOG_COMPILER_APPICON_NAME = AppIcon;
				CLANG_ENABLE_MODULES = YES;
				FRAMEWORK_SEARCH_PATHS = (
					"$(inherited)",
					"$(PROJECT_DIR)/realm-swift-0.93.2/ios",
				);
				INFOPLIST_FILE = WhenMeds/Info.plist;
				LD_RUNPATH_SEARCH_PATHS = "$(inherited) @executable_path/Frameworks";
				PRODUCT_BUNDLE_IDENTIFIER = "com.wymsii.mobile.ios.$(PRODUCT_NAME:rfc1034identifier)";
				PRODUCT_NAME = "$(TARGET_NAME)";
				SWIFT_OBJC_BRIDGING_HEADER = "WhenMeds/WhenMeds-Bridging-Header.h";
			};
			name = Release;
		};
		29A255561B3CB8CB00257AE9 /* Debug */ = {
			isa = XCBuildConfiguration;
			buildSettings = {
				BUNDLE_LOADER = "$(TEST_HOST)";
				FRAMEWORK_SEARCH_PATHS = (
					"$(SDKROOT)/Developer/Library/Frameworks",
					"$(inherited)",
				);
				GCC_PREPROCESSOR_DEFINITIONS = (
					"DEBUG=1",
					"$(inherited)",
				);
				INFOPLIST_FILE = WhenMedsTests/Info.plist;
				LD_RUNPATH_SEARCH_PATHS = "$(inherited) @executable_path/Frameworks @loader_path/Frameworks";
				PRODUCT_BUNDLE_IDENTIFIER = "com.wymsii.mobile.ios.$(PRODUCT_NAME:rfc1034identifier)";
				PRODUCT_NAME = "$(TARGET_NAME)";
				TEST_HOST = "$(BUILT_PRODUCTS_DIR)/WhenMeds.app/WhenMeds";
			};
			name = Debug;
		};
		29A255571B3CB8CB00257AE9 /* Release */ = {
			isa = XCBuildConfiguration;
			buildSettings = {
				BUNDLE_LOADER = "$(TEST_HOST)";
				FRAMEWORK_SEARCH_PATHS = (
					"$(SDKROOT)/Developer/Library/Frameworks",
					"$(inherited)",
				);
				INFOPLIST_FILE = WhenMedsTests/Info.plist;
				LD_RUNPATH_SEARCH_PATHS = "$(inherited) @executable_path/Frameworks @loader_path/Frameworks";
				PRODUCT_BUNDLE_IDENTIFIER = "com.wymsii.mobile.ios.$(PRODUCT_NAME:rfc1034identifier)";
				PRODUCT_NAME = "$(TARGET_NAME)";
				TEST_HOST = "$(BUILT_PRODUCTS_DIR)/WhenMeds.app/WhenMeds";
			};
			name = Release;
		};
/* End XCBuildConfiguration section */

/* Begin XCConfigurationList section */
		29A2552B1B3CB8CB00257AE9 /* Build configuration list for PBXProject "WhenMeds" */ = {
			isa = XCConfigurationList;
			buildConfigurations = (
				29A255501B3CB8CB00257AE9 /* Debug */,
				29A255511B3CB8CB00257AE9 /* Release */,
			);
			defaultConfigurationIsVisible = 0;
			defaultConfigurationName = Release;
		};
		29A255521B3CB8CB00257AE9 /* Build configuration list for PBXNativeTarget "WhenMeds" */ = {
			isa = XCConfigurationList;
			buildConfigurations = (
				29A255531B3CB8CB00257AE9 /* Debug */,
				29A255541B3CB8CB00257AE9 /* Release */,
			);
			defaultConfigurationIsVisible = 0;
			defaultConfigurationName = Release;
		};
		29A255551B3CB8CB00257AE9 /* Build configuration list for PBXNativeTarget "WhenMedsTests" */ = {
			isa = XCConfigurationList;
			buildConfigurations = (
				29A255561B3CB8CB00257AE9 /* Debug */,
				29A255571B3CB8CB00257AE9 /* Release */,
			);
			defaultConfigurationIsVisible = 0;
			defaultConfigurationName = Release;
		};
/* End XCConfigurationList section */

/* Begin XCVersionGroup section */
		29A255371B3CB8CB00257AE9 /* WhenMeds.xcdatamodeld */ = {
			isa = XCVersionGroup;
			children = (
				29A255381B3CB8CB00257AE9 /* WhenMeds.xcdatamodel */,
			);
			currentVersion = 29A255381B3CB8CB00257AE9 /* WhenMeds.xcdatamodel */;
			path = WhenMeds.xcdatamodeld;
			sourceTree = "<group>";
			versionGroupType = wrapper.xcdatamodel;
		};
/* End XCVersionGroup section */
	};
	rootObject = 29A255281B3CB8CB00257AE9 /* Project object */;
}
